
Microsoft Visual Studio Solution File, Format Version 12.00
# Visual Studio Version 17
VisualStudioVersion = 17.5.33502.453
MinimumVisualStudioVersion = 10.0.40219.1
Project("{9A19103F-16F7-4668-BE54-9A1E7A4F7556}") = "DogSitterMarketplaceApi", "DogSitterMarketplaceApi.csproj", "{91C7F601-865C-4488-879B-FC403E091F90}"
EndProject
Project("{9A19103F-16F7-4668-BE54-9A1E7A4F7556}") = "DogSitterMarketplaceBll", "..\DogSitterMarketplaceBll\DogSitterMarketplaceBll.csproj", "{F8E4F7A2-E6CE-4F67-A740-250AE84F4828}"
EndProject
Project("{9A19103F-16F7-4668-BE54-9A1E7A4F7556}") = "DogSitterMarketplaceDal", "..\DogSitterMarketplaceDal\DogSitterMarketplaceDal.csproj", "{E7FE82CC-2E3E-4400-BB07-B913D603D751}"
EndProject
Project("{FAE04EC0-301F-11D3-BF4B-00C04F79EFBC}") = "LoggerService", "..\LoggerService\LoggerService.csproj", "{13D7E732-9EDE-4E0A-A65B-55ABBDD4C240}"
EndProject
Global
	GlobalSection(SolutionConfigurationPlatforms) = preSolution
		Debug|Any CPU = Debug|Any CPU
		Release|Any CPU = Release|Any CPU
	EndGlobalSection
	GlobalSection(ProjectConfigurationPlatforms) = postSolution
		{91C7F601-865C-4488-879B-FC403E091F90}.Debug|Any CPU.ActiveCfg = Debug|Any CPU
		{91C7F601-865C-4488-879B-FC403E091F90}.Debug|Any CPU.Build.0 = Debug|Any CPU
		{91C7F601-865C-4488-879B-FC403E091F90}.Release|Any CPU.ActiveCfg = Release|Any CPU
		{91C7F601-865C-4488-879B-FC403E091F90}.Release|Any CPU.Build.0 = Release|Any CPU
		{F8E4F7A2-E6CE-4F67-A740-250AE84F4828}.Debug|Any CPU.ActiveCfg = Debug|Any CPU
		{F8E4F7A2-E6CE-4F67-A740-250AE84F4828}.Debug|Any CPU.Build.0 = Debug|Any CPU
		{F8E4F7A2-E6CE-4F67-A740-250AE84F4828}.Release|Any CPU.ActiveCfg = Release|Any CPU
		{F8E4F7A2-E6CE-4F67-A740-250AE84F4828}.Release|Any CPU.Build.0 = Release|Any CPU
		{E7FE82CC-2E3E-4400-BB07-B913D603D751}.Debug|Any CPU.ActiveCfg = Debug|Any CPU
		{E7FE82CC-2E3E-4400-BB07-B913D603D751}.Debug|Any CPU.Build.0 = Debug|Any CPU
		{E7FE82CC-2E3E-4400-BB07-B913D603D751}.Release|Any CPU.ActiveCfg = Release|Any CPU
		{E7FE82CC-2E3E-4400-BB07-B913D603D751}.Release|Any CPU.Build.0 = Release|Any CPU
		{13D7E732-9EDE-4E0A-A65B-55ABBDD4C240}.Debug|Any CPU.ActiveCfg = Debug|Any CPU
		{13D7E732-9EDE-4E0A-A65B-55ABBDD4C240}.Debug|Any CPU.Build.0 = Debug|Any CPU
		{13D7E732-9EDE-4E0A-A65B-55ABBDD4C240}.Release|Any CPU.ActiveCfg = Release|Any CPU
		{13D7E732-9EDE-4E0A-A65B-55ABBDD4C240}.Release|Any CPU.Build.0 = Release|Any CPU
	EndGlobalSection
	GlobalSection(SolutionProperties) = preSolution
		HideSolutionNode = FALSE
	EndGlobalSection
	GlobalSection(ExtensibilityGlobals) = postSolution
		SolutionGuid = {A71237CA-E191-4580-8E2E-E1D95ADF2CCB}
	EndGlobalSection
EndGlobal
